
Microsoft Visual Studio Solution File, Format Version 12.00
# Visual Studio Version 17
VisualStudioVersion = 17.0.31919.166
MinimumVisualStudioVersion = 10.0.40219.1
Project("{FAE04EC0-301F-11D3-BF4B-00C04F79EFBC}") = "GameServer", "GameServer\GameServer.csproj", "{1EFD289C-F7A4-4B99-9F74-FE4AA09E27E9}"
EndProject
Project("{FAE04EC0-301F-11D3-BF4B-00C04F79EFBC}") = "Common", "Common\Common.csproj", "{3601F0C5-EBE0-4D26-A4F1-5F5DFAA79447}"
EndProject
Global
	GlobalSection(SolutionConfigurationPlatforms) = preSolution
		Debug|Any CPU = Debug|Any CPU
		Release|Any CPU = Release|Any CPU
	EndGlobalSection
	GlobalSection(ProjectConfigurationPlatforms) = postSolution
		{1EFD289C-F7A4-4B99-9F74-FE4AA09E27E9}.Debug|Any CPU.ActiveCfg = Debug|Any CPU
		{1EFD289C-F7A4-4B99-9F74-FE4AA09E27E9}.Debug|Any CPU.Build.0 = Debug|Any CPU
		{1EFD289C-F7A4-4B99-9F74-FE4AA09E27E9}.Release|Any CPU.ActiveCfg = Release|Any CPU
		{1EFD289C-F7A4-4B99-9F74-FE4AA09E27E9}.Release|Any CPU.Build.0 = Release|Any CPU
		{3601F0C5-EBE0-4D26-A4F1-5F5DFAA79447}.Debug|Any CPU.ActiveCfg = Debug|Any CPU
		{3601F0C5-EBE0-4D26-A4F1-5F5DFAA79447}.Debug|Any CPU.Build.0 = Debug|Any CPU
		{3601F0C5-EBE0-4D26-A4F1-5F5DFAA79447}.Release|Any CPU.ActiveCfg = Release|Any CPU
		{3601F0C5-EBE0-4D26-A4F1-5F5DFAA79447}.Release|Any CPU.Build.0 = Release|Any CPU
	EndGlobalSection
	GlobalSection(SolutionProperties) = preSolution
		HideSolutionNode = FALSE
	EndGlobalSection
	GlobalSection(ExtensibilityGlobals) = postSolution
		SolutionGuid = {2E1432B5-913D-410C-A65B-1C56FFF562DB}
	EndGlobalSection
EndGlobal
